// !$*UTF8*$!
{
	archiveVersion = 1;
	classes = {
	};
	objectVersion = 55;
	objects = {

/* Begin PBXBuildFile section */
		1B148C2D2915180E001BF8A5 /* IOS_Swift_WeatherApp.swift in Sources */ = {isa = PBXBuildFile; fileRef = 1B148C2C2915180E001BF8A5 /* IOS_Swift_WeatherApp.swift */; };
		1B148C2F2915180E001BF8A5 /* ContentView.swift in Sources */ = {isa = PBXBuildFile; fileRef = 1B148C2E2915180E001BF8A5 /* ContentView.swift */; };
		1B148C312915180F001BF8A5 /* Assets.xcassets in Resources */ = {isa = PBXBuildFile; fileRef = 1B148C302915180F001BF8A5 /* Assets.xcassets */; };
		1B148C3429151810001BF8A5 /* Preview Assets.xcassets in Resources */ = {isa = PBXBuildFile; fileRef = 1B148C3329151810001BF8A5 /* Preview Assets.xcassets */; };
		1B148C3E29151810001BF8A5 /* IOS_Swift_WeatherTests.swift in Sources */ = {isa = PBXBuildFile; fileRef = 1B148C3D29151810001BF8A5 /* IOS_Swift_WeatherTests.swift */; };
		1B148C4829151810001BF8A5 /* IOS_Swift_WeatherUITests.swift in Sources */ = {isa = PBXBuildFile; fileRef = 1B148C4729151810001BF8A5 /* IOS_Swift_WeatherUITests.swift */; };
		1B148C4A29151810001BF8A5 /* IOS_Swift_WeatherUITestsLaunchTests.swift in Sources */ = {isa = PBXBuildFile; fileRef = 1B148C4929151810001BF8A5 /* IOS_Swift_WeatherUITestsLaunchTests.swift */; };
		1B148C5E29151949001BF8A5 /* WelcomeScreen.swift in Sources */ = {isa = PBXBuildFile; fileRef = 1B148C5D29151949001BF8A5 /* WelcomeScreen.swift */; };
		1B148C6029152B21001BF8A5 /* WeatherMainWinViews.swift in Sources */ = {isa = PBXBuildFile; fileRef = 1B148C5F29152B21001BF8A5 /* WeatherMainWinViews.swift */; };
/* End PBXBuildFile section */

/* Begin PBXContainerItemProxy section */
		1B148C3A29151810001BF8A5 /* PBXContainerItemProxy */ = {
			isa = PBXContainerItemProxy;
			containerPortal = 1B148C212915180E001BF8A5 /* Project object */;
			proxyType = 1;
			remoteGlobalIDString = 1B148C282915180E001BF8A5;
			remoteInfo = IOS.Swift.Weather;
		};
		1B148C4429151810001BF8A5 /* PBXContainerItemProxy */ = {
			isa = PBXContainerItemProxy;
			containerPortal = 1B148C212915180E001BF8A5 /* Project object */;
			proxyType = 1;
			remoteGlobalIDString = 1B148C282915180E001BF8A5;
			remoteInfo = IOS.Swift.Weather;
		};
/* End PBXContainerItemProxy section */

/* Begin PBXFileReference section */
		1B148C292915180E001BF8A5 /* IOS.Swift.Weather.app */ = {isa = PBXFileReference; explicitFileType = wrapper.application; includeInIndex = 0; path = IOS.Swift.Weather.app; sourceTree = BUILT_PRODUCTS_DIR; };
		1B148C2C2915180E001BF8A5 /* IOS_Swift_WeatherApp.swift */ = {isa = PBXFileReference; lastKnownFileType = sourcecode.swift; path = IOS_Swift_WeatherApp.swift; sourceTree = "<group>"; };
		1B148C2E2915180E001BF8A5 /* ContentView.swift */ = {isa = PBXFileReference; lastKnownFileType = sourcecode.swift; path = ContentView.swift; sourceTree = "<group>"; };
		1B148C302915180F001BF8A5 /* Assets.xcassets */ = {isa = PBXFileReference; lastKnownFileType = folder.assetcatalog; path = Assets.xcassets; sourceTree = "<group>"; };
		1B148C3329151810001BF8A5 /* Preview Assets.xcassets */ = {isa = PBXFileReference; lastKnownFileType = folder.assetcatalog; path = "Preview Assets.xcassets"; sourceTree = "<group>"; };
		1B148C3929151810001BF8A5 /* IOS.Swift.WeatherTests.xctest */ = {isa = PBXFileReference; explicitFileType = wrapper.cfbundle; includeInIndex = 0; path = IOS.Swift.WeatherTests.xctest; sourceTree = BUILT_PRODUCTS_DIR; };
		1B148C3D29151810001BF8A5 /* IOS_Swift_WeatherTests.swift */ = {isa = PBXFileReference; lastKnownFileType = sourcecode.swift; path = IOS_Swift_WeatherTests.swift; sourceTree = "<group>"; };
		1B148C4329151810001BF8A5 /* IOS.Swift.WeatherUITests.xctest */ = {isa = PBXFileReference; explicitFileType = wrapper.cfbundle; includeInIndex = 0; path = IOS.Swift.WeatherUITests.xctest; sourceTree = BUILT_PRODUCTS_DIR; };
		1B148C4729151810001BF8A5 /* IOS_Swift_WeatherUITests.swift */ = {isa = PBXFileReference; lastKnownFileType = sourcecode.swift; path = IOS_Swift_WeatherUITests.swift; sourceTree = "<group>"; };
		1B148C4929151810001BF8A5 /* IOS_Swift_WeatherUITestsLaunchTests.swift */ = {isa = PBXFileReference; lastKnownFileType = sourcecode.swift; path = IOS_Swift_WeatherUITestsLaunchTests.swift; sourceTree = "<group>"; };
		1B148C5D29151949001BF8A5 /* WelcomeScreen.swift */ = {isa = PBXFileReference; lastKnownFileType = sourcecode.swift; path = WelcomeScreen.swift; sourceTree = "<group>"; };
		1B148C5F29152B21001BF8A5 /* WeatherMainWinViews.swift */ = {isa = PBXFileReference; lastKnownFileType = sourcecode.swift; path = WeatherMainWinViews.swift; sourceTree = "<group>"; };
/* End PBXFileReference section */

/* Begin PBXFrameworksBuildPhase section */
		1B148C262915180E001BF8A5 /* Frameworks */ = {
			isa = PBXFrameworksBuildPhase;
			buildActionMask = 2147483647;
			files = (
			);
			runOnlyForDeploymentPostprocessing = 0;
		};
		1B148C3629151810001BF8A5 /* Frameworks */ = {
			isa = PBXFrameworksBuildPhase;
			buildActionMask = 2147483647;
			files = (
			);
			runOnlyForDeploymentPostprocessing = 0;
		};
		1B148C4029151810001BF8A5 /* Frameworks */ = {
			isa = PBXFrameworksBuildPhase;
			buildActionMask = 2147483647;
			files = (
			);
			runOnlyForDeploymentPostprocessing = 0;
		};
/* End PBXFrameworksBuildPhase section */

/* Begin PBXGroup section */
		1B148C202915180E001BF8A5 = {
			isa = PBXGroup;
			children = (
				1B148C2B2915180E001BF8A5 /* IOS.Swift.Weather */,
				1B148C3C29151810001BF8A5 /* IOS.Swift.WeatherTests */,
				1B148C4629151810001BF8A5 /* IOS.Swift.WeatherUITests */,
				1B148C2A2915180E001BF8A5 /* Products */,
			);
			sourceTree = "<group>";
		};
		1B148C2A2915180E001BF8A5 /* Products */ = {
			isa = PBXGroup;
			children = (
				1B148C292915180E001BF8A5 /* IOS.Swift.Weather.app */,
				1B148C3929151810001BF8A5 /* IOS.Swift.WeatherTests.xctest */,
				1B148C4329151810001BF8A5 /* IOS.Swift.WeatherUITests.xctest */,
			);
			name = Products;
			sourceTree = "<group>";
		};
		1B148C2B2915180E001BF8A5 /* IOS.Swift.Weather */ = {
			isa = PBXGroup;
			children = (
				1B148C5929151893001BF8A5 /* Presenter */,
				1B148C2C2915180E001BF8A5 /* IOS_Swift_WeatherApp.swift */,
				1B148C2E2915180E001BF8A5 /* ContentView.swift */,
				1B148C302915180F001BF8A5 /* Assets.xcassets */,
				1B148C3229151810001BF8A5 /* Preview Content */,
			);
			path = IOS.Swift.Weather;
			sourceTree = "<group>";
		};
		1B148C3229151810001BF8A5 /* Preview Content */ = {
			isa = PBXGroup;
			children = (
				1B148C3329151810001BF8A5 /* Preview Assets.xcassets */,
			);
			path = "Preview Content";
			sourceTree = "<group>";
		};
		1B148C3C29151810001BF8A5 /* IOS.Swift.WeatherTests */ = {
			isa = PBXGroup;
			children = (
				1B148C3D29151810001BF8A5 /* IOS_Swift_WeatherTests.swift */,
			);
			path = IOS.Swift.WeatherTests;
			sourceTree = "<group>";
		};
		1B148C4629151810001BF8A5 /* IOS.Swift.WeatherUITests */ = {
			isa = PBXGroup;
			children = (
				1B148C4729151810001BF8A5 /* IOS_Swift_WeatherUITests.swift */,
				1B148C4929151810001BF8A5 /* IOS_Swift_WeatherUITestsLaunchTests.swift */,
			);
			path = IOS.Swift.WeatherUITests;
			sourceTree = "<group>";
		};
		1B148C5929151893001BF8A5 /* Presenter */ = {
			isa = PBXGroup;
			children = (
				1B148C5B291518BE001BF8A5 /* Views */,
				1B148C5A291518A8001BF8A5 /* Images */,
			);
			path = Presenter;
			sourceTree = "<group>";
		};
		1B148C5A291518A8001BF8A5 /* Images */ = {
			isa = PBXGroup;
			children = (
			);
			path = Images;
			sourceTree = "<group>";
		};
		1B148C5B291518BE001BF8A5 /* Views */ = {
			isa = PBXGroup;
			children = (
				1B148C5D29151949001BF8A5 /* WelcomeScreen.swift */,
				1B148C5F29152B21001BF8A5 /* WeatherMainWinViews.swift */,
			);
			path = Views;
			sourceTree = "<group>";
		};
/* End PBXGroup section */

/* Begin PBXNativeTarget section */
		1B148C282915180E001BF8A5 /* IOS.Swift.Weather */ = {
			isa = PBXNativeTarget;
			buildConfigurationList = 1B148C4D29151810001BF8A5 /* Build configuration list for PBXNativeTarget "IOS.Swift.Weather" */;
			buildPhases = (
				1B148C252915180E001BF8A5 /* Sources */,
				1B148C262915180E001BF8A5 /* Frameworks */,
				1B148C272915180E001BF8A5 /* Resources */,
			);
			buildRules = (
			);
			dependencies = (
			);
			name = IOS.Swift.Weather;
			productName = IOS.Swift.Weather;
			productReference = 1B148C292915180E001BF8A5 /* IOS.Swift.Weather.app */;
			productType = "com.apple.product-type.application";
		};
		1B148C3829151810001BF8A5 /* IOS.Swift.WeatherTests */ = {
			isa = PBXNativeTarget;
			buildConfigurationList = 1B148C5029151810001BF8A5 /* Build configuration list for PBXNativeTarget "IOS.Swift.WeatherTests" */;
			buildPhases = (
				1B148C3529151810001BF8A5 /* Sources */,
				1B148C3629151810001BF8A5 /* Frameworks */,
				1B148C3729151810001BF8A5 /* Resources */,
			);
			buildRules = (
			);
			dependencies = (
				1B148C3B29151810001BF8A5 /* PBXTargetDependency */,
			);
			name = IOS.Swift.WeatherTests;
			productName = IOS.Swift.WeatherTests;
			productReference = 1B148C3929151810001BF8A5 /* IOS.Swift.WeatherTests.xctest */;
			productType = "com.apple.product-type.bundle.unit-test";
		};
		1B148C4229151810001BF8A5 /* IOS.Swift.WeatherUITests */ = {
			isa = PBXNativeTarget;
			buildConfigurationList = 1B148C5329151810001BF8A5 /* Build configuration list for PBXNativeTarget "IOS.Swift.WeatherUITests" */;
			buildPhases = (
				1B148C3F29151810001BF8A5 /* Sources */,
				1B148C4029151810001BF8A5 /* Frameworks */,
				1B148C4129151810001BF8A5 /* Resources */,
			);
			buildRules = (
			);
			dependencies = (
				1B148C4529151810001BF8A5 /* PBXTargetDependency */,
			);
			name = IOS.Swift.WeatherUITests;
			productName = IOS.Swift.WeatherUITests;
			productReference = 1B148C4329151810001BF8A5 /* IOS.Swift.WeatherUITests.xctest */;
			productType = "com.apple.product-type.bundle.ui-testing";
		};
/* End PBXNativeTarget section */

/* Begin PBXProject section */
		1B148C212915180E001BF8A5 /* Project object */ = {
			isa = PBXProject;
			attributes = {
				BuildIndependentTargetsInParallel = 1;
				LastSwiftUpdateCheck = 1340;
				LastUpgradeCheck = 1340;
				TargetAttributes = {
					1B148C282915180E001BF8A5 = {
						CreatedOnToolsVersion = 13.4.1;
					};
					1B148C3829151810001BF8A5 = {
						CreatedOnToolsVersion = 13.4.1;
						TestTargetID = 1B148C282915180E001BF8A5;
					};
					1B148C4229151810001BF8A5 = {
						CreatedOnToolsVersion = 13.4.1;
						TestTargetID = 1B148C282915180E001BF8A5;
					};
				};
			};
			buildConfigurationList = 1B148C242915180E001BF8A5 /* Build configuration list for PBXProject "IOS.Swift.Weather" */;
			compatibilityVersion = "Xcode 13.0";
			developmentRegion = en;
			hasScannedForEncodings = 0;
			knownRegions = (
				en,
				Base,
			);
			mainGroup = 1B148C202915180E001BF8A5;
			productRefGroup = 1B148C2A2915180E001BF8A5 /* Products */;
			projectDirPath = "";
			projectRoot = "";
			targets = (
				1B148C282915180E001BF8A5 /* IOS.Swift.Weather */,
				1B148C3829151810001BF8A5 /* IOS.Swift.WeatherTests */,
				1B148C4229151810001BF8A5 /* IOS.Swift.WeatherUITests */,
			);
		};
/* End PBXProject section */

/* Begin PBXResourcesBuildPhase section */
		1B148C272915180E001BF8A5 /* Resources */ = {
			isa = PBXResourcesBuildPhase;
			buildActionMask = 2147483647;
			files = (
				1B148C3429151810001BF8A5 /* Preview Assets.xcassets in Resources */,
				1B148C312915180F001BF8A5 /* Assets.xcassets in Resources */,
			);
			runOnlyForDeploymentPostprocessing = 0;
		};
		1B148C3729151810001BF8A5 /* Resources */ = {
			isa = PBXResourcesBuildPhase;
			buildActionMask = 2147483647;
			files = (
			);
			runOnlyForDeploymentPostprocessing = 0;
		};
		1B148C4129151810001BF8A5 /* Resources */ = {
			isa = PBXResourcesBuildPhase;
			buildActionMask = 2147483647;
			files = (
			);
			runOnlyForDeploymentPostprocessing = 0;
		};
/* End PBXResourcesBuildPhase section */

/* Begin PBXSourcesBuildPhase section */
		1B148C252915180E001BF8A5 /* Sources */ = {
			isa = PBXSourcesBuildPhase;
			buildActionMask = 2147483647;
			files = (
				1B148C2F2915180E001BF8A5 /* ContentView.swift in Sources */,
				1B148C2D2915180E001BF8A5 /* IOS_Swift_WeatherApp.swift in Sources */,
				1B148C5E29151949001BF8A5 /* WelcomeScreen.swift in Sources */,
				1B148C6029152B21001BF8A5 /* WeatherMainWinViews.swift in Sources */,
			);
			runOnlyForDeploymentPostprocessing = 0;
		};
		1B148C3529151810001BF8A5 /* Sources */ = {
			isa = PBXSourcesBuildPhase;
			buildActionMask = 2147483647;
			files = (
				1B148C3E29151810001BF8A5 /* IOS_Swift_WeatherTests.swift in Sources */,
			);
			runOnlyForDeploymentPostprocessing = 0;
		};
		1B148C3F29151810001BF8A5 /* Sources */ = {
			isa = PBXSourcesBuildPhase;
			buildActionMask = 2147483647;
			files = (
				1B148C4829151810001BF8A5 /* IOS_Swift_WeatherUITests.swift in Sources */,
				1B148C4A29151810001BF8A5 /* IOS_Swift_WeatherUITestsLaunchTests.swift in Sources */,
			);
			runOnlyForDeploymentPostprocessing = 0;
		};
/* End PBXSourcesBuildPhase section */

/* Begin PBXTargetDependency section */
		1B148C3B29151810001BF8A5 /* PBXTargetDependency */ = {
			isa = PBXTargetDependency;
			target = 1B148C282915180E001BF8A5 /* IOS.Swift.Weather */;
			targetProxy = 1B148C3A29151810001BF8A5 /* PBXContainerItemProxy */;
		};
		1B148C4529151810001BF8A5 /* PBXTargetDependency */ = {
			isa = PBXTargetDependency;
			target = 1B148C282915180E001BF8A5 /* IOS.Swift.Weather */;
			targetProxy = 1B148C4429151810001BF8A5 /* PBXContainerItemProxy */;
		};
/* End PBXTargetDependency section */

/* Begin XCBuildConfiguration section */
		1B148C4B29151810001BF8A5 /* Debug */ = {
			isa = XCBuildConfiguration;
			buildSettings = {
				ALWAYS_SEARCH_USER_PATHS = NO;
				CLANG_ANALYZER_NONNULL = YES;
				CLANG_ANALYZER_NUMBER_OBJECT_CONVERSION = YES_AGGRESSIVE;
				CLANG_CXX_LANGUAGE_STANDARD = "gnu++17";
				CLANG_ENABLE_MODULES = YES;
				CLANG_ENABLE_OBJC_ARC = YES;
				CLANG_ENABLE_OBJC_WEAK = YES;
				CLANG_WARN_BLOCK_CAPTURE_AUTORELEASING = YES;
				CLANG_WARN_BOOL_CONVERSION = YES;
				CLANG_WARN_COMMA = YES;
				CLANG_WARN_CONSTANT_CONVERSION = YES;
				CLANG_WARN_DEPRECATED_OBJC_IMPLEMENTATIONS = YES;
				CLANG_WARN_DIRECT_OBJC_ISA_USAGE = YES_ERROR;
				CLANG_WARN_DOCUMENTATION_COMMENTS = YES;
				CLANG_WARN_EMPTY_BODY = YES;
				CLANG_WARN_ENUM_CONVERSION = YES;
				CLANG_WARN_INFINITE_RECURSION = YES;
				CLANG_WARN_INT_CONVERSION = YES;
				CLANG_WARN_NON_LITERAL_NULL_CONVERSION = YES;
				CLANG_WARN_OBJC_IMPLICIT_RETAIN_SELF = YES;
				CLANG_WARN_OBJC_LITERAL_CONVERSION = YES;
				CLANG_WARN_OBJC_ROOT_CLASS = YES_ERROR;
				CLANG_WARN_QUOTED_INCLUDE_IN_FRAMEWORK_HEADER = YES;
				CLANG_WARN_RANGE_LOOP_ANALYSIS = YES;
				CLANG_WARN_STRICT_PROTOTYPES = YES;
				CLANG_WARN_SUSPICIOUS_MOVE = YES;
				CLANG_WARN_UNGUARDED_AVAILABILITY = YES_AGGRESSIVE;
				CLANG_WARN_UNREACHABLE_CODE = YES;
				CLANG_WARN__DUPLICATE_METHOD_MATCH = YES;
				COPY_PHASE_STRIP = NO;
				DEBUG_INFORMATION_FORMAT = dwarf;
				ENABLE_STRICT_OBJC_MSGSEND = YES;
				ENABLE_TESTABILITY = YES;
				GCC_C_LANGUAGE_STANDARD = gnu11;
				GCC_DYNAMIC_NO_PIC = NO;
				GCC_NO_COMMON_BLOCKS = YES;
				GCC_OPTIMIZATION_LEVEL = 0;
				GCC_PREPROCESSOR_DEFINITIONS = (
					"DEBUG=1",
					"$(inherited)",
				);
				GCC_WARN_64_TO_32_BIT_CONVERSION = YES;
				GCC_WARN_ABOUT_RETURN_TYPE = YES_ERROR;
				GCC_WARN_UNDECLARED_SELECTOR = YES;
				GCC_WARN_UNINITIALIZED_AUTOS = YES_AGGRESSIVE;
				GCC_WARN_UNUSED_FUNCTION = YES;
				GCC_WARN_UNUSED_VARIABLE = YES;
				IPHONEOS_DEPLOYMENT_TARGET = 15.5;
				MTL_ENABLE_DEBUG_INFO = INCLUDE_SOURCE;
				MTL_FAST_MATH = YES;
				ONLY_ACTIVE_ARCH = YES;
				SDKROOT = iphoneos;
				SWIFT_ACTIVE_COMPILATION_CONDITIONS = DEBUG;
				SWIFT_OPTIMIZATION_LEVEL = "-Onone";
			};
			name = Debug;
		};
		1B148C4C29151810001BF8A5 /* Release */ = {
			isa = XCBuildConfiguration;
			buildSettings = {
				ALWAYS_SEARCH_USER_PATHS = NO;
				CLANG_ANALYZER_NONNULL = YES;
				CLANG_ANALYZER_NUMBER_OBJECT_CONVERSION = YES_AGGRESSIVE;
				CLANG_CXX_LANGUAGE_STANDARD = "gnu++17";
				CLANG_ENABLE_MODULES = YES;
				CLANG_ENABLE_OBJC_ARC = YES;
				CLANG_ENABLE_OBJC_WEAK = YES;
				CLANG_WARN_BLOCK_CAPTURE_AUTORELEASING = YES;
				CLANG_WARN_BOOL_CONVERSION = YES;
				CLANG_WARN_COMMA = YES;
				CLANG_WARN_CONSTANT_CONVERSION = YES;
				CLANG_WARN_DEPRECATED_OBJC_IMPLEMENTATIONS = YES;
				CLANG_WARN_DIRECT_OBJC_ISA_USAGE = YES_ERROR;
				CLANG_WARN_DOCUMENTATION_COMMENTS = YES;
				CLANG_WARN_EMPTY_BODY = YES;
				CLANG_WARN_ENUM_CONVERSION = YES;
				CLANG_WARN_INFINITE_RECURSION = YES;
				CLANG_WARN_INT_CONVERSION = YES;
				CLANG_WARN_NON_LITERAL_NULL_CONVERSION = YES;
				CLANG_WARN_OBJC_IMPLICIT_RETAIN_SELF = YES;
				CLANG_WARN_OBJC_LITERAL_CONVERSION = YES;
				CLANG_WARN_OBJC_ROOT_CLASS = YES_ERROR;
				CLANG_WARN_QUOTED_INCLUDE_IN_FRAMEWORK_HEADER = YES;
				CLANG_WARN_RANGE_LOOP_ANALYSIS = YES;
				CLANG_WARN_STRICT_PROTOTYPES = YES;
				CLANG_WARN_SUSPICIOUS_MOVE = YES;
				CLANG_WARN_UNGUARDED_AVAILABILITY = YES_AGGRESSIVE;
				CLANG_WARN_UNREACHABLE_CODE = YES;
				CLANG_WARN__DUPLICATE_METHOD_MATCH = YES;
				COPY_PHASE_STRIP = NO;
				DEBUG_INFORMATION_FORMAT = "dwarf-with-dsym";
				ENABLE_NS_ASSERTIONS = NO;
				ENABLE_STRICT_OBJC_MSGSEND = YES;
				GCC_C_LANGUAGE_STANDARD = gnu11;
				GCC_NO_COMMON_BLOCKS = YES;
				GCC_WARN_64_TO_32_BIT_CONVERSION = YES;
				GCC_WARN_ABOUT_RETURN_TYPE = YES_ERROR;
				GCC_WARN_UNDECLARED_SELECTOR = YES;
				GCC_WARN_UNINITIALIZED_AUTOS = YES_AGGRESSIVE;
				GCC_WARN_UNUSED_FUNCTION = YES;
				GCC_WARN_UNUSED_VARIABLE = YES;
				IPHONEOS_DEPLOYMENT_TARGET = 15.5;
				MTL_ENABLE_DEBUG_INFO = NO;
				MTL_FAST_MATH = YES;
				SDKROOT = iphoneos;
				SWIFT_COMPILATION_MODE = wholemodule;
				SWIFT_OPTIMIZATION_LEVEL = "-O";
				VALIDATE_PRODUCT = YES;
			};
			name = Release;
		};
		1B148C4E29151810001BF8A5 /* Debug */ = {
			isa = XCBuildConfiguration;
			buildSettings = {
				ASSETCATALOG_COMPILER_APPICON_NAME = AppIcon;
				ASSETCATALOG_COMPILER_GLOBAL_ACCENT_COLOR_NAME = AccentColor;
				CODE_SIGN_STYLE = Automatic;
				CURRENT_PROJECT_VERSION = 1;
				DEVELOPMENT_ASSET_PATHS = "\"IOS.Swift.Weather/Preview Content\"";
				ENABLE_PREVIEWS = YES;
				GENERATE_INFOPLIST_FILE = YES;
				INFOPLIST_KEY_UIApplicationSceneManifest_Generation = YES;
				INFOPLIST_KEY_UIApplicationSupportsIndirectInputEvents = YES;
				INFOPLIST_KEY_UILaunchScreen_Generation = YES;
				INFOPLIST_KEY_UISupportedInterfaceOrientations_iPad = "UIInterfaceOrientationPortrait UIInterfaceOrientationPortraitUpsideDown UIInterfaceOrientationLandscapeLeft UIInterfaceOrientationLandscapeRight";
				INFOPLIST_KEY_UISupportedInterfaceOrientations_iPhone = "UIInterfaceOrientationPortrait UIInterfaceOrientationLandscapeLeft UIInterfaceOrientationLandscapeRight";
				LD_RUNPATH_SEARCH_PATHS = (
					"$(inherited)",
					"@executable_path/Frameworks",
				);
				MARKETING_VERSION = 1.0;
				PRODUCT_BUNDLE_IDENTIFIER = "nikifovadim.IOS-Swift-Weather";
				PRODUCT_NAME = "$(TARGET_NAME)";
				SWIFT_EMIT_LOC_STRINGS = YES;
				SWIFT_VERSION = 5.0;
				TARGETED_DEVICE_FAMILY = "1,2";
			};
			name = Debug;
		};
		1B148C4F29151810001BF8A5 /* Release */ = {
			isa = XCBuildConfiguration;
			buildSettings = {
				ASSETCATALOG_COMPILER_APPICON_NAME = AppIcon;
				ASSETCATALOG_COMPILER_GLOBAL_ACCENT_COLOR_NAME = AccentColor;
				CODE_SIGN_STYLE = Automatic;
				CURRENT_PROJECT_VERSION = 1;
				DEVELOPMENT_ASSET_PATHS = "\"IOS.Swift.Weather/Preview Content\"";
				ENABLE_PREVIEWS = YES;
				GENERATE_INFOPLIST_FILE = YES;
				INFOPLIST_KEY_UIApplicationSceneManifest_Generation = YES;
				INFOPLIST_KEY_UIApplicationSupportsIndirectInputEvents = YES;
				INFOPLIST_KEY_UILaunchScreen_Generation = YES;
				INFOPLIST_KEY_UISupportedInterfaceOrientations_iPad = "UIInterfaceOrientationPortrait UIInterfaceOrientationPortraitUpsideDown UIInterfaceOrientationLandscapeLeft UIInterfaceOrientationLandscapeRight";
				INFOPLIST_KEY_UISupportedInterfaceOrientations_iPhone = "UIInterfaceOrientationPortrait UIInterfaceOrientationLandscapeLeft UIInterfaceOrientationLandscapeRight";
				LD_RUNPATH_SEARCH_PATHS = (
					"$(inherited)",
					"@executable_path/Frameworks",
				);
				MARKETING_VERSION = 1.0;
				PRODUCT_BUNDLE_IDENTIFIER = "nikifovadim.IOS-Swift-Weather";
				PRODUCT_NAME = "$(TARGET_NAME)";
				SWIFT_EMIT_LOC_STRINGS = YES;
				SWIFT_VERSION = 5.0;
				TARGETED_DEVICE_FAMILY = "1,2";
			};
			name = Release;
		};
		1B148C5129151810001BF8A5 /* Debug */ = {
			isa = XCBuildConfiguration;
			buildSettings = {
				ALWAYS_EMBED_SWIFT_STANDARD_LIBRARIES = YES;
				BUNDLE_LOADER = "$(TEST_HOST)";
				CODE_SIGN_STYLE = Automatic;
				CURRENT_PROJECT_VERSION = 1;
				GENERATE_INFOPLIST_FILE = YES;
				IPHONEOS_DEPLOYMENT_TARGET = 15.5;
				MARKETING_VERSION = 1.0;
				PRODUCT_BUNDLE_IDENTIFIER = "nikifovadim.IOS-Swift-WeatherTests";
				PRODUCT_NAME = "$(TARGET_NAME)";
				SWIFT_EMIT_LOC_STRINGS = NO;
				SWIFT_VERSION = 5.0;
				TARGETED_DEVICE_FAMILY = "1,2";
				TEST_HOST = "$(BUILT_PRODUCTS_DIR)/IOS.Swift.Weather.app/IOS.Swift.Weather";
			};
			name = Debug;
		};
		1B148C5229151810001BF8A5 /* Release */ = {
			isa = XCBuildConfiguration;
			buildSettings = {
				ALWAYS_EMBED_SWIFT_STANDARD_LIBRARIES = YES;
				BUNDLE_LOADER = "$(TEST_HOST)";
				CODE_SIGN_STYLE = Automatic;
				CURRENT_PROJECT_VERSION = 1;
				GENERATE_INFOPLIST_FILE = YES;
				IPHONEOS_DEPLOYMENT_TARGET = 15.5;
				MARKETING_VERSION = 1.0;
				PRODUCT_BUNDLE_IDENTIFIER = "nikifovadim.IOS-Swift-WeatherTests";
				PRODUCT_NAME = "$(TARGET_NAME)";
				SWIFT_EMIT_LOC_STRINGS = NO;
				SWIFT_VERSION = 5.0;
				TARGETED_DEVICE_FAMILY = "1,2";
				TEST_HOST = "$(BUILT_PRODUCTS_DIR)/IOS.Swift.Weather.app/IOS.Swift.Weather";
			};
			name = Release;
		};
		1B148C5429151810001BF8A5 /* Debug */ = {
			isa = XCBuildConfiguration;
			buildSettings = {
				ALWAYS_EMBED_SWIFT_STANDARD_LIBRARIES = YES;
				CODE_SIGN_STYLE = Automatic;
				CURRENT_PROJECT_VERSION = 1;
				GENERATE_INFOPLIST_FILE = YES;
				MARKETING_VERSION = 1.0;
				PRODUCT_BUNDLE_IDENTIFIER = "nikifovadim.IOS-Swift-WeatherUITests";
				PRODUCT_NAME = "$(TARGET_NAME)";
				SWIFT_EMIT_LOC_STRINGS = NO;
				SWIFT_VERSION = 5.0;
				TARGETED_DEVICE_FAMILY = "1,2";
				TEST_TARGET_NAME = IOS.Swift.Weather;
			};
			name = Debug;
		};
		1B148C5529151810001BF8A5 /* Release */ = {
			isa = XCBuildConfiguration;
			buildSettings = {
				ALWAYS_EMBED_SWIFT_STANDARD_LIBRARIES = YES;
				CODE_SIGN_STYLE = Automatic;
				CURRENT_PROJECT_VERSION = 1;
				GENERATE_INFOPLIST_FILE = YES;
				MARKETING_VERSION = 1.0;
				PRODUCT_BUNDLE_IDENTIFIER = "nikifovadim.IOS-Swift-WeatherUITests";
				PRODUCT_NAME = "$(TARGET_NAME)";
				SWIFT_EMIT_LOC_STRINGS = NO;
				SWIFT_VERSION = 5.0;
				TARGETED_DEVICE_FAMILY = "1,2";
				TEST_TARGET_NAME = IOS.Swift.Weather;
			};
			name = Release;
		};
/* End XCBuildConfiguration section */

/* Begin XCConfigurationList section */
		1B148C242915180E001BF8A5 /* Build configuration list for PBXProject "IOS.Swift.Weather" */ = {
			isa = XCConfigurationList;
			buildConfigurations = (
				1B148C4B29151810001BF8A5 /* Debug */,
				1B148C4C29151810001BF8A5 /* Release */,
			);
			defaultConfigurationIsVisible = 0;
			defaultConfigurationName = Release;
		};
		1B148C4D29151810001BF8A5 /* Build configuration list for PBXNativeTarget "IOS.Swift.Weather" */ = {
			isa = XCConfigurationList;
			buildConfigurations = (
				1B148C4E29151810001BF8A5 /* Debug */,
				1B148C4F29151810001BF8A5 /* Release */,
			);
			defaultConfigurationIsVisible = 0;
			defaultConfigurationName = Release;
		};
		1B148C5029151810001BF8A5 /* Build configuration list for PBXNativeTarget "IOS.Swift.WeatherTests" */ = {
			isa = XCConfigurationList;
			buildConfigurations = (
				1B148C5129151810001BF8A5 /* Debug */,
				1B148C5229151810001BF8A5 /* Release */,
			);
			defaultConfigurationIsVisible = 0;
			defaultConfigurationName = Release;
		};
		1B148C5329151810001BF8A5 /* Build configuration list for PBXNativeTarget "IOS.Swift.WeatherUITests" */ = {
			isa = XCConfigurationList;
			buildConfigurations = (
				1B148C5429151810001BF8A5 /* Debug */,
				1B148C5529151810001BF8A5 /* Release */,
			);
			defaultConfigurationIsVisible = 0;
			defaultConfigurationName = Release;
		};
/* End XCConfigurationList section */
	};
	rootObject = 1B148C212915180E001BF8A5 /* Project object */;
}
