// !$*UTF8*$!
{
	archiveVersion = 1;
	classes = {
	};
	objectVersion = 55;
	objects = {

/* Begin PBXBuildFile section */
		1B28F5A9292D2798005C2EC9 /* PaymentCard.swift in Sources */ = {isa = PBXBuildFile; fileRef = 1B28F5A8292D2798005C2EC9 /* PaymentCard.swift */; };
		1B442D12292B5567007B6136 /* Image in Resources */ = {isa = PBXBuildFile; fileRef = 1B442D11292B5566007B6136 /* Image */; };
		1BA2F26D292CEC4300120992 /* ValintineCard.swift in Sources */ = {isa = PBXBuildFile; fileRef = 1BA2F26C292CEC4300120992 /* ValintineCard.swift */; };
		1BA2F26F292CED8B00120992 /* WelcomeCard.swift in Sources */ = {isa = PBXBuildFile; fileRef = 1BA2F26E292CED8B00120992 /* WelcomeCard.swift */; };
		1BAB8BBD291816E6000C1DD1 /* Love.swift in Sources */ = {isa = PBXBuildFile; fileRef = 1BAB8BBC291816E6000C1DD1 /* Love.swift */; };
		1BAB8BBF291816E6000C1DD1 /* ContentView.swift in Sources */ = {isa = PBXBuildFile; fileRef = 1BAB8BBE291816E6000C1DD1 /* ContentView.swift */; };
		1BAB8BC1291816E8000C1DD1 /* Assets.xcassets in Resources */ = {isa = PBXBuildFile; fileRef = 1BAB8BC0291816E8000C1DD1 /* Assets.xcassets */; };
		1BAB8BC4291816E8000C1DD1 /* Preview Assets.xcassets in Resources */ = {isa = PBXBuildFile; fileRef = 1BAB8BC3291816E8000C1DD1 /* Preview Assets.xcassets */; };
		1BAB8BCE291816E8000C1DD1 /* IOS_Swift_LoveTests.swift in Sources */ = {isa = PBXBuildFile; fileRef = 1BAB8BCD291816E8000C1DD1 /* IOS_Swift_LoveTests.swift */; };
		1BAB8BD8291816E8000C1DD1 /* IOS_Swift_LoveUITests.swift in Sources */ = {isa = PBXBuildFile; fileRef = 1BAB8BD7291816E8000C1DD1 /* IOS_Swift_LoveUITests.swift */; };
		1BAB8BDA291816E8000C1DD1 /* IOS_Swift_LoveUITestsLaunchTests.swift in Sources */ = {isa = PBXBuildFile; fileRef = 1BAB8BD9291816E8000C1DD1 /* IOS_Swift_LoveUITestsLaunchTests.swift */; };
/* End PBXBuildFile section */

/* Begin PBXContainerItemProxy section */
		1BAB8BCA291816E8000C1DD1 /* PBXContainerItemProxy */ = {
			isa = PBXContainerItemProxy;
			containerPortal = 1BAB8BB1291816E6000C1DD1 /* Project object */;
			proxyType = 1;
			remoteGlobalIDString = 1BAB8BB8291816E6000C1DD1;
			remoteInfo = IOS.Swift.Love;
		};
		1BAB8BD4291816E8000C1DD1 /* PBXContainerItemProxy */ = {
			isa = PBXContainerItemProxy;
			containerPortal = 1BAB8BB1291816E6000C1DD1 /* Project object */;
			proxyType = 1;
			remoteGlobalIDString = 1BAB8BB8291816E6000C1DD1;
			remoteInfo = IOS.Swift.Love;
		};
/* End PBXContainerItemProxy section */

/* Begin PBXFileReference section */
		1B28F5A8292D2798005C2EC9 /* PaymentCard.swift */ = {isa = PBXFileReference; lastKnownFileType = sourcecode.swift; path = PaymentCard.swift; sourceTree = "<group>"; };
		1B442D11292B5566007B6136 /* Image */ = {isa = PBXFileReference; lastKnownFileType = folder; path = Image; sourceTree = "<group>"; };
		1BA2F26C292CEC4300120992 /* ValintineCard.swift */ = {isa = PBXFileReference; fileEncoding = 4; lastKnownFileType = sourcecode.swift; path = ValintineCard.swift; sourceTree = "<group>"; };
		1BA2F26E292CED8B00120992 /* WelcomeCard.swift */ = {isa = PBXFileReference; lastKnownFileType = sourcecode.swift; path = WelcomeCard.swift; sourceTree = "<group>"; };
		1BAB8BB9291816E6000C1DD1 /* Love.app */ = {isa = PBXFileReference; explicitFileType = wrapper.application; includeInIndex = 0; path = Love.app; sourceTree = BUILT_PRODUCTS_DIR; };
		1BAB8BBC291816E6000C1DD1 /* Love.swift */ = {isa = PBXFileReference; lastKnownFileType = sourcecode.swift; path = Love.swift; sourceTree = "<group>"; };
		1BAB8BBE291816E6000C1DD1 /* ContentView.swift */ = {isa = PBXFileReference; lastKnownFileType = sourcecode.swift; path = ContentView.swift; sourceTree = "<group>"; };
		1BAB8BC0291816E8000C1DD1 /* Assets.xcassets */ = {isa = PBXFileReference; lastKnownFileType = folder.assetcatalog; path = Assets.xcassets; sourceTree = "<group>"; };
		1BAB8BC3291816E8000C1DD1 /* Preview Assets.xcassets */ = {isa = PBXFileReference; lastKnownFileType = folder.assetcatalog; path = "Preview Assets.xcassets"; sourceTree = "<group>"; };
		1BAB8BC9291816E8000C1DD1 /* LoveTests.xctest */ = {isa = PBXFileReference; explicitFileType = wrapper.cfbundle; includeInIndex = 0; path = LoveTests.xctest; sourceTree = BUILT_PRODUCTS_DIR; };
		1BAB8BCD291816E8000C1DD1 /* IOS_Swift_LoveTests.swift */ = {isa = PBXFileReference; lastKnownFileType = sourcecode.swift; path = IOS_Swift_LoveTests.swift; sourceTree = "<group>"; };
		1BAB8BD3291816E8000C1DD1 /* LoveUITests.xctest */ = {isa = PBXFileReference; explicitFileType = wrapper.cfbundle; includeInIndex = 0; path = LoveUITests.xctest; sourceTree = BUILT_PRODUCTS_DIR; };
		1BAB8BD7291816E8000C1DD1 /* IOS_Swift_LoveUITests.swift */ = {isa = PBXFileReference; lastKnownFileType = sourcecode.swift; path = IOS_Swift_LoveUITests.swift; sourceTree = "<group>"; };
		1BAB8BD9291816E8000C1DD1 /* IOS_Swift_LoveUITestsLaunchTests.swift */ = {isa = PBXFileReference; lastKnownFileType = sourcecode.swift; path = IOS_Swift_LoveUITestsLaunchTests.swift; sourceTree = "<group>"; };
/* End PBXFileReference section */

/* Begin PBXFrameworksBuildPhase section */
		1BAB8BB6291816E6000C1DD1 /* Frameworks */ = {
			isa = PBXFrameworksBuildPhase;
			buildActionMask = 2147483647;
			files = (
			);
			runOnlyForDeploymentPostprocessing = 0;
		};
		1BAB8BC6291816E8000C1DD1 /* Frameworks */ = {
			isa = PBXFrameworksBuildPhase;
			buildActionMask = 2147483647;
			files = (
			);
			runOnlyForDeploymentPostprocessing = 0;
		};
		1BAB8BD0291816E8000C1DD1 /* Frameworks */ = {
			isa = PBXFrameworksBuildPhase;
			buildActionMask = 2147483647;
			files = (
			);
			runOnlyForDeploymentPostprocessing = 0;
		};
/* End PBXFrameworksBuildPhase section */

/* Begin PBXGroup section */
		1B88C761292B6FAD00F39361 /* Models */ = {
			isa = PBXGroup;
			children = (
				1BA2F26C292CEC4300120992 /* ValintineCard.swift */,
				1BA2F26E292CED8B00120992 /* WelcomeCard.swift */,
				1B28F5A8292D2798005C2EC9 /* PaymentCard.swift */,
			);
			path = Models;
			sourceTree = "<group>";
		};
		1BAB8BB0291816E6000C1DD1 = {
			isa = PBXGroup;
			children = (
				1BAB8BBB291816E6000C1DD1 /* IOS.Swift.Love */,
				1BAB8BCC291816E8000C1DD1 /* IOS.Swift.LoveTests */,
				1BAB8BD6291816E8000C1DD1 /* IOS.Swift.LoveUITests */,
				1BAB8BBA291816E6000C1DD1 /* Products */,
			);
			sourceTree = "<group>";
		};
		1BAB8BBA291816E6000C1DD1 /* Products */ = {
			isa = PBXGroup;
			children = (
				1BAB8BB9291816E6000C1DD1 /* Love.app */,
				1BAB8BC9291816E8000C1DD1 /* LoveTests.xctest */,
				1BAB8BD3291816E8000C1DD1 /* LoveUITests.xctest */,
			);
			name = Products;
			sourceTree = "<group>";
		};
		1BAB8BBB291816E6000C1DD1 /* IOS.Swift.Love */ = {
			isa = PBXGroup;
			children = (
				1B88C761292B6FAD00F39361 /* Models */,
				1B442D11292B5566007B6136 /* Image */,
				1BAB8BBC291816E6000C1DD1 /* Love.swift */,
				1BAB8BBE291816E6000C1DD1 /* ContentView.swift */,
				1BAB8BC0291816E8000C1DD1 /* Assets.xcassets */,
				1BAB8BC2291816E8000C1DD1 /* Preview Content */,
			);
			path = IOS.Swift.Love;
			sourceTree = "<group>";
		};
		1BAB8BC2291816E8000C1DD1 /* Preview Content */ = {
			isa = PBXGroup;
			children = (
				1BAB8BC3291816E8000C1DD1 /* Preview Assets.xcassets */,
			);
			path = "Preview Content";
			sourceTree = "<group>";
		};
		1BAB8BCC291816E8000C1DD1 /* IOS.Swift.LoveTests */ = {
			isa = PBXGroup;
			children = (
				1BAB8BCD291816E8000C1DD1 /* IOS_Swift_LoveTests.swift */,
			);
			path = IOS.Swift.LoveTests;
			sourceTree = "<group>";
		};
		1BAB8BD6291816E8000C1DD1 /* IOS.Swift.LoveUITests */ = {
			isa = PBXGroup;
			children = (
				1BAB8BD7291816E8000C1DD1 /* IOS_Swift_LoveUITests.swift */,
				1BAB8BD9291816E8000C1DD1 /* IOS_Swift_LoveUITestsLaunchTests.swift */,
			);
			path = IOS.Swift.LoveUITests;
			sourceTree = "<group>";
		};
/* End PBXGroup section */

/* Begin PBXNativeTarget section */
		1BAB8BB8291816E6000C1DD1 /* Love */ = {
			isa = PBXNativeTarget;
			buildConfigurationList = 1BAB8BDD291816E8000C1DD1 /* Build configuration list for PBXNativeTarget "Love" */;
			buildPhases = (
				1BAB8BB5291816E6000C1DD1 /* Sources */,
				1BAB8BB6291816E6000C1DD1 /* Frameworks */,
				1BAB8BB7291816E6000C1DD1 /* Resources */,
			);
			buildRules = (
			);
			dependencies = (
			);
			name = Love;
			productName = IOS.Swift.Love;
			productReference = 1BAB8BB9291816E6000C1DD1 /* Love.app */;
			productType = "com.apple.product-type.application";
		};
		1BAB8BC8291816E8000C1DD1 /* LoveTests */ = {
			isa = PBXNativeTarget;
			buildConfigurationList = 1BAB8BE0291816E8000C1DD1 /* Build configuration list for PBXNativeTarget "LoveTests" */;
			buildPhases = (
				1BAB8BC5291816E8000C1DD1 /* Sources */,
				1BAB8BC6291816E8000C1DD1 /* Frameworks */,
				1BAB8BC7291816E8000C1DD1 /* Resources */,
			);
			buildRules = (
			);
			dependencies = (
				1BAB8BCB291816E8000C1DD1 /* PBXTargetDependency */,
			);
			name = LoveTests;
			productName = IOS.Swift.LoveTests;
			productReference = 1BAB8BC9291816E8000C1DD1 /* LoveTests.xctest */;
			productType = "com.apple.product-type.bundle.unit-test";
		};
		1BAB8BD2291816E8000C1DD1 /* LoveUITests */ = {
			isa = PBXNativeTarget;
			buildConfigurationList = 1BAB8BE3291816E8000C1DD1 /* Build configuration list for PBXNativeTarget "LoveUITests" */;
			buildPhases = (
				1BAB8BCF291816E8000C1DD1 /* Sources */,
				1BAB8BD0291816E8000C1DD1 /* Frameworks */,
				1BAB8BD1291816E8000C1DD1 /* Resources */,
			);
			buildRules = (
			);
			dependencies = (
				1BAB8BD5291816E8000C1DD1 /* PBXTargetDependency */,
			);
			name = LoveUITests;
			productName = IOS.Swift.LoveUITests;
			productReference = 1BAB8BD3291816E8000C1DD1 /* LoveUITests.xctest */;
			productType = "com.apple.product-type.bundle.ui-testing";
		};
/* End PBXNativeTarget section */

/* Begin PBXProject section */
		1BAB8BB1291816E6000C1DD1 /* Project object */ = {
			isa = PBXProject;
			attributes = {
				BuildIndependentTargetsInParallel = 1;
				LastSwiftUpdateCheck = 1340;
				LastUpgradeCheck = 1340;
				TargetAttributes = {
					1BAB8BB8291816E6000C1DD1 = {
						CreatedOnToolsVersion = 13.4.1;
					};
					1BAB8BC8291816E8000C1DD1 = {
						CreatedOnToolsVersion = 13.4.1;
						TestTargetID = 1BAB8BB8291816E6000C1DD1;
					};
					1BAB8BD2291816E8000C1DD1 = {
						CreatedOnToolsVersion = 13.4.1;
						TestTargetID = 1BAB8BB8291816E6000C1DD1;
					};
				};
			};
			buildConfigurationList = 1BAB8BB4291816E6000C1DD1 /* Build configuration list for PBXProject "Love" */;
			compatibilityVersion = "Xcode 13.0";
			developmentRegion = en;
			hasScannedForEncodings = 0;
			knownRegions = (
				en,
				Base,
			);
			mainGroup = 1BAB8BB0291816E6000C1DD1;
			productRefGroup = 1BAB8BBA291816E6000C1DD1 /* Products */;
			projectDirPath = "";
			projectRoot = "";
			targets = (
				1BAB8BB8291816E6000C1DD1 /* Love */,
				1BAB8BC8291816E8000C1DD1 /* LoveTests */,
				1BAB8BD2291816E8000C1DD1 /* LoveUITests */,
			);
		};
/* End PBXProject section */

/* Begin PBXResourcesBuildPhase section */
		1BAB8BB7291816E6000C1DD1 /* Resources */ = {
			isa = PBXResourcesBuildPhase;
			buildActionMask = 2147483647;
			files = (
				1B442D12292B5567007B6136 /* Image in Resources */,
				1BAB8BC4291816E8000C1DD1 /* Preview Assets.xcassets in Resources */,
				1BAB8BC1291816E8000C1DD1 /* Assets.xcassets in Resources */,
			);
			runOnlyForDeploymentPostprocessing = 0;
		};
		1BAB8BC7291816E8000C1DD1 /* Resources */ = {
			isa = PBXResourcesBuildPhase;
			buildActionMask = 2147483647;
			files = (
			);
			runOnlyForDeploymentPostprocessing = 0;
		};
		1BAB8BD1291816E8000C1DD1 /* Resources */ = {
			isa = PBXResourcesBuildPhase;
			buildActionMask = 2147483647;
			files = (
			);
			runOnlyForDeploymentPostprocessing = 0;
		};
/* End PBXResourcesBuildPhase section */

/* Begin PBXSourcesBuildPhase section */
		1BAB8BB5291816E6000C1DD1 /* Sources */ = {
			isa = PBXSourcesBuildPhase;
			buildActionMask = 2147483647;
			files = (
				1BAB8BBF291816E6000C1DD1 /* ContentView.swift in Sources */,
				1B28F5A9292D2798005C2EC9 /* PaymentCard.swift in Sources */,
				1BA2F26D292CEC4300120992 /* ValintineCard.swift in Sources */,
				1BA2F26F292CED8B00120992 /* WelcomeCard.swift in Sources */,
				1BAB8BBD291816E6000C1DD1 /* Love.swift in Sources */,
			);
			runOnlyForDeploymentPostprocessing = 0;
		};
		1BAB8BC5291816E8000C1DD1 /* Sources */ = {
			isa = PBXSourcesBuildPhase;
			buildActionMask = 2147483647;
			files = (
				1BAB8BCE291816E8000C1DD1 /* IOS_Swift_LoveTests.swift in Sources */,
			);
			runOnlyForDeploymentPostprocessing = 0;
		};
		1BAB8BCF291816E8000C1DD1 /* Sources */ = {
			isa = PBXSourcesBuildPhase;
			buildActionMask = 2147483647;
			files = (
				1BAB8BDA291816E8000C1DD1 /* IOS_Swift_LoveUITestsLaunchTests.swift in Sources */,
				1BAB8BD8291816E8000C1DD1 /* IOS_Swift_LoveUITests.swift in Sources */,
			);
			runOnlyForDeploymentPostprocessing = 0;
		};
/* End PBXSourcesBuildPhase section */

/* Begin PBXTargetDependency section */
		1BAB8BCB291816E8000C1DD1 /* PBXTargetDependency */ = {
			isa = PBXTargetDependency;
			target = 1BAB8BB8291816E6000C1DD1 /* Love */;
			targetProxy = 1BAB8BCA291816E8000C1DD1 /* PBXContainerItemProxy */;
		};
		1BAB8BD5291816E8000C1DD1 /* PBXTargetDependency */ = {
			isa = PBXTargetDependency;
			target = 1BAB8BB8291816E6000C1DD1 /* Love */;
			targetProxy = 1BAB8BD4291816E8000C1DD1 /* PBXContainerItemProxy */;
		};
/* End PBXTargetDependency section */

/* Begin XCBuildConfiguration section */
		1BAB8BDB291816E8000C1DD1 /* Debug */ = {
			isa = XCBuildConfiguration;
			buildSettings = {
				ALWAYS_SEARCH_USER_PATHS = NO;
				CLANG_ANALYZER_NONNULL = YES;
				CLANG_ANALYZER_NUMBER_OBJECT_CONVERSION = YES_AGGRESSIVE;
				CLANG_CXX_LANGUAGE_STANDARD = "gnu++17";
				CLANG_ENABLE_MODULES = YES;
				CLANG_ENABLE_OBJC_ARC = YES;
				CLANG_ENABLE_OBJC_WEAK = YES;
				CLANG_WARN_BLOCK_CAPTURE_AUTORELEASING = YES;
				CLANG_WARN_BOOL_CONVERSION = YES;
				CLANG_WARN_COMMA = YES;
				CLANG_WARN_CONSTANT_CONVERSION = YES;
				CLANG_WARN_DEPRECATED_OBJC_IMPLEMENTATIONS = YES;
				CLANG_WARN_DIRECT_OBJC_ISA_USAGE = YES_ERROR;
				CLANG_WARN_DOCUMENTATION_COMMENTS = YES;
				CLANG_WARN_EMPTY_BODY = YES;
				CLANG_WARN_ENUM_CONVERSION = YES;
				CLANG_WARN_INFINITE_RECURSION = YES;
				CLANG_WARN_INT_CONVERSION = YES;
				CLANG_WARN_NON_LITERAL_NULL_CONVERSION = YES;
				CLANG_WARN_OBJC_IMPLICIT_RETAIN_SELF = YES;
				CLANG_WARN_OBJC_LITERAL_CONVERSION = YES;
				CLANG_WARN_OBJC_ROOT_CLASS = YES_ERROR;
				CLANG_WARN_QUOTED_INCLUDE_IN_FRAMEWORK_HEADER = YES;
				CLANG_WARN_RANGE_LOOP_ANALYSIS = YES;
				CLANG_WARN_STRICT_PROTOTYPES = YES;
				CLANG_WARN_SUSPICIOUS_MOVE = YES;
				CLANG_WARN_UNGUARDED_AVAILABILITY = YES_AGGRESSIVE;
				CLANG_WARN_UNREACHABLE_CODE = YES;
				CLANG_WARN__DUPLICATE_METHOD_MATCH = YES;
				COPY_PHASE_STRIP = NO;
				DEBUG_INFORMATION_FORMAT = dwarf;
				ENABLE_STRICT_OBJC_MSGSEND = YES;
				ENABLE_TESTABILITY = YES;
				GCC_C_LANGUAGE_STANDARD = gnu11;
				GCC_DYNAMIC_NO_PIC = NO;
				GCC_NO_COMMON_BLOCKS = YES;
				GCC_OPTIMIZATION_LEVEL = 0;
				GCC_PREPROCESSOR_DEFINITIONS = (
					"DEBUG=1",
					"$(inherited)",
				);
				GCC_WARN_64_TO_32_BIT_CONVERSION = YES;
				GCC_WARN_ABOUT_RETURN_TYPE = YES_ERROR;
				GCC_WARN_UNDECLARED_SELECTOR = YES;
				GCC_WARN_UNINITIALIZED_AUTOS = YES_AGGRESSIVE;
				GCC_WARN_UNUSED_FUNCTION = YES;
				GCC_WARN_UNUSED_VARIABLE = YES;
				IPHONEOS_DEPLOYMENT_TARGET = 15.5;
				MTL_ENABLE_DEBUG_INFO = INCLUDE_SOURCE;
				MTL_FAST_MATH = YES;
				ONLY_ACTIVE_ARCH = YES;
				SDKROOT = iphoneos;
				SWIFT_ACTIVE_COMPILATION_CONDITIONS = DEBUG;
				SWIFT_OPTIMIZATION_LEVEL = "-Onone";
			};
			name = Debug;
		};
		1BAB8BDC291816E8000C1DD1 /* Release */ = {
			isa = XCBuildConfiguration;
			buildSettings = {
				ALWAYS_SEARCH_USER_PATHS = NO;
				CLANG_ANALYZER_NONNULL = YES;
				CLANG_ANALYZER_NUMBER_OBJECT_CONVERSION = YES_AGGRESSIVE;
				CLANG_CXX_LANGUAGE_STANDARD = "gnu++17";
				CLANG_ENABLE_MODULES = YES;
				CLANG_ENABLE_OBJC_ARC = YES;
				CLANG_ENABLE_OBJC_WEAK = YES;
				CLANG_WARN_BLOCK_CAPTURE_AUTORELEASING = YES;
				CLANG_WARN_BOOL_CONVERSION = YES;
				CLANG_WARN_COMMA = YES;
				CLANG_WARN_CONSTANT_CONVERSION = YES;
				CLANG_WARN_DEPRECATED_OBJC_IMPLEMENTATIONS = YES;
				CLANG_WARN_DIRECT_OBJC_ISA_USAGE = YES_ERROR;
				CLANG_WARN_DOCUMENTATION_COMMENTS = YES;
				CLANG_WARN_EMPTY_BODY = YES;
				CLANG_WARN_ENUM_CONVERSION = YES;
				CLANG_WARN_INFINITE_RECURSION = YES;
				CLANG_WARN_INT_CONVERSION = YES;
				CLANG_WARN_NON_LITERAL_NULL_CONVERSION = YES;
				CLANG_WARN_OBJC_IMPLICIT_RETAIN_SELF = YES;
				CLANG_WARN_OBJC_LITERAL_CONVERSION = YES;
				CLANG_WARN_OBJC_ROOT_CLASS = YES_ERROR;
				CLANG_WARN_QUOTED_INCLUDE_IN_FRAMEWORK_HEADER = YES;
				CLANG_WARN_RANGE_LOOP_ANALYSIS = YES;
				CLANG_WARN_STRICT_PROTOTYPES = YES;
				CLANG_WARN_SUSPICIOUS_MOVE = YES;
				CLANG_WARN_UNGUARDED_AVAILABILITY = YES_AGGRESSIVE;
				CLANG_WARN_UNREACHABLE_CODE = YES;
				CLANG_WARN__DUPLICATE_METHOD_MATCH = YES;
				COPY_PHASE_STRIP = NO;
				DEBUG_INFORMATION_FORMAT = "dwarf-with-dsym";
				ENABLE_NS_ASSERTIONS = NO;
				ENABLE_STRICT_OBJC_MSGSEND = YES;
				GCC_C_LANGUAGE_STANDARD = gnu11;
				GCC_NO_COMMON_BLOCKS = YES;
				GCC_WARN_64_TO_32_BIT_CONVERSION = YES;
				GCC_WARN_ABOUT_RETURN_TYPE = YES_ERROR;
				GCC_WARN_UNDECLARED_SELECTOR = YES;
				GCC_WARN_UNINITIALIZED_AUTOS = YES_AGGRESSIVE;
				GCC_WARN_UNUSED_FUNCTION = YES;
				GCC_WARN_UNUSED_VARIABLE = YES;
				IPHONEOS_DEPLOYMENT_TARGET = 15.5;
				MTL_ENABLE_DEBUG_INFO = NO;
				MTL_FAST_MATH = YES;
				SDKROOT = iphoneos;
				SWIFT_COMPILATION_MODE = wholemodule;
				SWIFT_OPTIMIZATION_LEVEL = "-O";
				VALIDATE_PRODUCT = YES;
			};
			name = Release;
		};
		1BAB8BDE291816E8000C1DD1 /* Debug */ = {
			isa = XCBuildConfiguration;
			buildSettings = {
				ASSETCATALOG_COMPILER_APPICON_NAME = AppIcon;
				ASSETCATALOG_COMPILER_GLOBAL_ACCENT_COLOR_NAME = AccentColor;
				CODE_SIGN_STYLE = Automatic;
				CURRENT_PROJECT_VERSION = 1;
				DEVELOPMENT_ASSET_PATHS = "\"IOS.Swift.Love/Preview Content\"";
				ENABLE_PREVIEWS = YES;
				GENERATE_INFOPLIST_FILE = YES;
				INFOPLIST_KEY_UIApplicationSceneManifest_Generation = YES;
				INFOPLIST_KEY_UIApplicationSupportsIndirectInputEvents = YES;
				INFOPLIST_KEY_UILaunchScreen_Generation = YES;
				INFOPLIST_KEY_UISupportedInterfaceOrientations_iPad = "UIInterfaceOrientationPortrait UIInterfaceOrientationPortraitUpsideDown UIInterfaceOrientationLandscapeLeft UIInterfaceOrientationLandscapeRight";
				INFOPLIST_KEY_UISupportedInterfaceOrientations_iPhone = "UIInterfaceOrientationPortrait UIInterfaceOrientationLandscapeLeft UIInterfaceOrientationLandscapeRight";
				LD_RUNPATH_SEARCH_PATHS = (
					"$(inherited)",
					"@executable_path/Frameworks",
				);
				MARKETING_VERSION = 1.0;
				PRODUCT_BUNDLE_IDENTIFIER = nikifovadim.Love;
				PRODUCT_NAME = "$(TARGET_NAME)";
				SWIFT_EMIT_LOC_STRINGS = YES;
				SWIFT_VERSION = 5.0;
				TARGETED_DEVICE_FAMILY = "1,2";
			};
			name = Debug;
		};
		1BAB8BDF291816E8000C1DD1 /* Release */ = {
			isa = XCBuildConfiguration;
			buildSettings = {
				ASSETCATALOG_COMPILER_APPICON_NAME = AppIcon;
				ASSETCATALOG_COMPILER_GLOBAL_ACCENT_COLOR_NAME = AccentColor;
				CODE_SIGN_STYLE = Automatic;
				CURRENT_PROJECT_VERSION = 1;
				DEVELOPMENT_ASSET_PATHS = "\"IOS.Swift.Love/Preview Content\"";
				ENABLE_PREVIEWS = YES;
				GENERATE_INFOPLIST_FILE = YES;
				INFOPLIST_KEY_UIApplicationSceneManifest_Generation = YES;
				INFOPLIST_KEY_UIApplicationSupportsIndirectInputEvents = YES;
				INFOPLIST_KEY_UILaunchScreen_Generation = YES;
				INFOPLIST_KEY_UISupportedInterfaceOrientations_iPad = "UIInterfaceOrientationPortrait UIInterfaceOrientationPortraitUpsideDown UIInterfaceOrientationLandscapeLeft UIInterfaceOrientationLandscapeRight";
				INFOPLIST_KEY_UISupportedInterfaceOrientations_iPhone = "UIInterfaceOrientationPortrait UIInterfaceOrientationLandscapeLeft UIInterfaceOrientationLandscapeRight";
				LD_RUNPATH_SEARCH_PATHS = (
					"$(inherited)",
					"@executable_path/Frameworks",
				);
				MARKETING_VERSION = 1.0;
				PRODUCT_BUNDLE_IDENTIFIER = nikifovadim.Love;
				PRODUCT_NAME = "$(TARGET_NAME)";
				SWIFT_EMIT_LOC_STRINGS = YES;
				SWIFT_VERSION = 5.0;
				TARGETED_DEVICE_FAMILY = "1,2";
			};
			name = Release;
		};
		1BAB8BE1291816E8000C1DD1 /* Debug */ = {
			isa = XCBuildConfiguration;
			buildSettings = {
				ALWAYS_EMBED_SWIFT_STANDARD_LIBRARIES = YES;
				BUNDLE_LOADER = "$(TEST_HOST)";
				CODE_SIGN_STYLE = Automatic;
				CURRENT_PROJECT_VERSION = 1;
				GENERATE_INFOPLIST_FILE = YES;
				IPHONEOS_DEPLOYMENT_TARGET = 15.5;
				MARKETING_VERSION = 1.0;
				PRODUCT_BUNDLE_IDENTIFIER = "nikifovadim.IOS-Swift-LoveTests";
				PRODUCT_NAME = "$(TARGET_NAME)";
				SWIFT_EMIT_LOC_STRINGS = NO;
				SWIFT_VERSION = 5.0;
				TARGETED_DEVICE_FAMILY = "1,2";
				TEST_HOST = "$(BUILT_PRODUCTS_DIR)/Love.app/Love";
			};
			name = Debug;
		};
		1BAB8BE2291816E8000C1DD1 /* Release */ = {
			isa = XCBuildConfiguration;
			buildSettings = {
				ALWAYS_EMBED_SWIFT_STANDARD_LIBRARIES = YES;
				BUNDLE_LOADER = "$(TEST_HOST)";
				CODE_SIGN_STYLE = Automatic;
				CURRENT_PROJECT_VERSION = 1;
				GENERATE_INFOPLIST_FILE = YES;
				IPHONEOS_DEPLOYMENT_TARGET = 15.5;
				MARKETING_VERSION = 1.0;
				PRODUCT_BUNDLE_IDENTIFIER = "nikifovadim.IOS-Swift-LoveTests";
				PRODUCT_NAME = "$(TARGET_NAME)";
				SWIFT_EMIT_LOC_STRINGS = NO;
				SWIFT_VERSION = 5.0;
				TARGETED_DEVICE_FAMILY = "1,2";
				TEST_HOST = "$(BUILT_PRODUCTS_DIR)/Love.app/Love";
			};
			name = Release;
		};
		1BAB8BE4291816E8000C1DD1 /* Debug */ = {
			isa = XCBuildConfiguration;
			buildSettings = {
				ALWAYS_EMBED_SWIFT_STANDARD_LIBRARIES = YES;
				CODE_SIGN_STYLE = Automatic;
				CURRENT_PROJECT_VERSION = 1;
				GENERATE_INFOPLIST_FILE = YES;
				MARKETING_VERSION = 1.0;
				PRODUCT_BUNDLE_IDENTIFIER = "nikifovadim.IOS-Swift-LoveUITests";
				PRODUCT_NAME = "$(TARGET_NAME)";
				SWIFT_EMIT_LOC_STRINGS = NO;
				SWIFT_VERSION = 5.0;
				TARGETED_DEVICE_FAMILY = "1,2";
				TEST_TARGET_NAME = IOS.Swift.Love;
			};
			name = Debug;
		};
		1BAB8BE5291816E8000C1DD1 /* Release */ = {
			isa = XCBuildConfiguration;
			buildSettings = {
				ALWAYS_EMBED_SWIFT_STANDARD_LIBRARIES = YES;
				CODE_SIGN_STYLE = Automatic;
				CURRENT_PROJECT_VERSION = 1;
				GENERATE_INFOPLIST_FILE = YES;
				MARKETING_VERSION = 1.0;
				PRODUCT_BUNDLE_IDENTIFIER = "nikifovadim.IOS-Swift-LoveUITests";
				PRODUCT_NAME = "$(TARGET_NAME)";
				SWIFT_EMIT_LOC_STRINGS = NO;
				SWIFT_VERSION = 5.0;
				TARGETED_DEVICE_FAMILY = "1,2";
				TEST_TARGET_NAME = IOS.Swift.Love;
			};
			name = Release;
		};
/* End XCBuildConfiguration section */

/* Begin XCConfigurationList section */
		1BAB8BB4291816E6000C1DD1 /* Build configuration list for PBXProject "Love" */ = {
			isa = XCConfigurationList;
			buildConfigurations = (
				1BAB8BDB291816E8000C1DD1 /* Debug */,
				1BAB8BDC291816E8000C1DD1 /* Release */,
			);
			defaultConfigurationIsVisible = 0;
			defaultConfigurationName = Release;
		};
		1BAB8BDD291816E8000C1DD1 /* Build configuration list for PBXNativeTarget "Love" */ = {
			isa = XCConfigurationList;
			buildConfigurations = (
				1BAB8BDE291816E8000C1DD1 /* Debug */,
				1BAB8BDF291816E8000C1DD1 /* Release */,
			);
			defaultConfigurationIsVisible = 0;
			defaultConfigurationName = Release;
		};
		1BAB8BE0291816E8000C1DD1 /* Build configuration list for PBXNativeTarget "LoveTests" */ = {
			isa = XCConfigurationList;
			buildConfigurations = (
				1BAB8BE1291816E8000C1DD1 /* Debug */,
				1BAB8BE2291816E8000C1DD1 /* Release */,
			);
			defaultConfigurationIsVisible = 0;
			defaultConfigurationName = Release;
		};
		1BAB8BE3291816E8000C1DD1 /* Build configuration list for PBXNativeTarget "LoveUITests" */ = {
			isa = XCConfigurationList;
			buildConfigurations = (
				1BAB8BE4291816E8000C1DD1 /* Debug */,
				1BAB8BE5291816E8000C1DD1 /* Release */,
			);
			defaultConfigurationIsVisible = 0;
			defaultConfigurationName = Release;
		};
/* End XCConfigurationList section */
	};
	rootObject = 1BAB8BB1291816E6000C1DD1 /* Project object */;
}
